# This file is autogenerated, do not edit; changes may be undone by the next 'dep ensure'.


[[projects]]
  branch = "master"
  digest = "1:d65c2637f81fa04cceaee61c205c33a54bd77adab2e084d710bd4a0b9d1df845"
  name = "github.com/chiefy/go-slack-utils"
  packages = [
    "pkg/blockui",
    "pkg/middleware",
    "pkg/payload",
  ]
  pruneopts = "UT"
  revision = "afda83a52ab29fa004af7f9fcf651aec0f533929"

[[projects]]
  digest = "1:cbec35fe4d5a4fba369a656a8cd65e244ea2c743007d8f6c1ccb132acf9d1296"
  name = "github.com/gorilla/mux"
  packages = ["."]
  pruneopts = "UT"
  revision = "00bdffe0f3c77e27d2cf6f5c70232a2d3e4d9c15"
  version = "v1.7.3"

[[projects]]
  digest = "1:aa544c5417bb238247ecc9583e9a7f98a0c85c826a290ca445016b6c51c66d03"
  name = "github.com/ryanbradynd05/go-tmdb"
  packages = ["."]
  pruneopts = "UT"
  revision = "5ab02a0655163a69d643172556bda2b05c676e44"
  version = "1.0.0"

[solve-meta]
  analyzer-name = "dep"
  analyzer-version = 1
  input-imports = [
    "github.com/chiefy/go-slack-utils/pkg/blockui",
    "github.com/chiefy/go-slack-utils/pkg/middleware",
    "github.com/chiefy/go-slack-utils/pkg/payload",
    "github.com/gorilla/mux",
    "github.com/ryanbradynd05/go-tmdb",
  ]
  solver-name = "gps-cdcl"
  solver-version = 1
